PODS:
  - FittedSheets (2.3.0)
  - XLPagerTabStrip (9.0.0)

DEPENDENCIES:
  - FittedSheets
  - XLPagerTabStrip (~> 9.0)

SPEC REPOS:
  trunk:
    - FittedSheets
    - XLPagerTabStrip

SPEC CHECKSUMS:
  FittedSheets: c64310ca8fd55846703a272da3ea3916d381d839
  XLPagerTabStrip: 61c57fd61f611ee5f01ff1495ad6fbee8bf496c5

PODFILE CHECKSUM: 9ad969923017cb7a8023add4fe0c2942681f16b2

COCOAPODS: 1.9.1
