PODS:
  - FittedSheets (2.2.3)
  - XLPagerTabStrip (9.0.0)

DEPENDENCIES:
  - FittedSheets
  - XLPagerTabStrip (~> 9.0)

SPEC REPOS:
  trunk:
    - FittedSheets
    - XLPagerTabStrip

SPEC CHECKSUMS:
  FittedSheets: 5533375af9ed713977b8e6d88b74c90e8f5df041
  XLPagerTabStrip: 61c57fd61f611ee5f01ff1495ad6fbee8bf496c5

PODFILE CHECKSUM: 9ad969923017cb7a8023add4fe0c2942681f16b2

COCOAPODS: 1.9.1
