// !$*UTF8*$!
{
	archiveVersion = 1;
	classes = {
	};
	objectVersion = 50;
	objects = {

/* Begin PBXBuildFile section */
		E0E70D46257B65B2009198C4 /* AppDelegate.swift in Sources */ = {isa = PBXBuildFile; fileRef = E0E70D45257B65B2009198C4 /* AppDelegate.swift */; };
		E0E70D48257B65B2009198C4 /* SceneDelegate.swift in Sources */ = {isa = PBXBuildFile; fileRef = E0E70D47257B65B2009198C4 /* SceneDelegate.swift */; };
		E0E70D52257B65B4009198C4 /* LaunchScreen.storyboard in Resources */ = {isa = PBXBuildFile; fileRef = E0E70D50257B65B4009198C4 /* LaunchScreen.storyboard */; };
		E0E70D5A257B660F009198C4 /* .swiftlint.yml in Resources */ = {isa = PBXBuildFile; fileRef = E0E70D59257B660E009198C4 /* .swiftlint.yml */; };
		E0E70D5D257B664D009198C4 /* .gitignore in Resources */ = {isa = PBXBuildFile; fileRef = E0E70D5C257B664D009198C4 /* .gitignore */; };
		E0E70D5F257B665A009198C4 /* Cartfile in Resources */ = {isa = PBXBuildFile; fileRef = E0E70D5E257B665A009198C4 /* Cartfile */; };
		E0E70D62257B698D009198C4 /* Alamofire.framework in Frameworks */ = {isa = PBXBuildFile; fileRef = E0E70D61257B698D009198C4 /* Alamofire.framework */; };
		E0E70D63257B698D009198C4 /* Alamofire.framework in Embed Frameworks */ = {isa = PBXBuildFile; fileRef = E0E70D61257B698D009198C4 /* Alamofire.framework */; settings = {ATTRIBUTES = (CodeSignOnCopy, RemoveHeadersOnCopy, ); }; };
		E0E70D66257B6990009198C4 /* Cosmos.framework in Frameworks */ = {isa = PBXBuildFile; fileRef = E0E70D65257B6990009198C4 /* Cosmos.framework */; };
		E0E70D67257B6990009198C4 /* Cosmos.framework in Embed Frameworks */ = {isa = PBXBuildFile; fileRef = E0E70D65257B6990009198C4 /* Cosmos.framework */; settings = {ATTRIBUTES = (CodeSignOnCopy, RemoveHeadersOnCopy, ); }; };
		E0E70D69257B6994009198C4 /* Kingfisher.framework in Frameworks */ = {isa = PBXBuildFile; fileRef = E0E70D68257B6994009198C4 /* Kingfisher.framework */; };
		E0E70D6A257B6994009198C4 /* Kingfisher.framework in Embed Frameworks */ = {isa = PBXBuildFile; fileRef = E0E70D68257B6994009198C4 /* Kingfisher.framework */; settings = {ATTRIBUTES = (CodeSignOnCopy, RemoveHeadersOnCopy, ); }; };
		E0E70D6C257B6997009198C4 /* Moya.framework in Frameworks */ = {isa = PBXBuildFile; fileRef = E0E70D6B257B6997009198C4 /* Moya.framework */; };
		E0E70D6D257B6997009198C4 /* Moya.framework in Embed Frameworks */ = {isa = PBXBuildFile; fileRef = E0E70D6B257B6997009198C4 /* Moya.framework */; settings = {ATTRIBUTES = (CodeSignOnCopy, RemoveHeadersOnCopy, ); }; };
		E0E70D6F257B699A009198C4 /* ObjectMapper.framework in Frameworks */ = {isa = PBXBuildFile; fileRef = E0E70D6E257B699A009198C4 /* ObjectMapper.framework */; };
		E0E70D70257B699A009198C4 /* ObjectMapper.framework in Embed Frameworks */ = {isa = PBXBuildFile; fileRef = E0E70D6E257B699A009198C4 /* ObjectMapper.framework */; settings = {ATTRIBUTES = (CodeSignOnCopy, RemoveHeadersOnCopy, ); }; };
		E0E70D72257B699C009198C4 /* PullToRefreshKit.framework in Frameworks */ = {isa = PBXBuildFile; fileRef = E0E70D71257B699C009198C4 /* PullToRefreshKit.framework */; };
		E0E70D73257B699C009198C4 /* PullToRefreshKit.framework in Embed Frameworks */ = {isa = PBXBuildFile; fileRef = E0E70D71257B699C009198C4 /* PullToRefreshKit.framework */; settings = {ATTRIBUTES = (CodeSignOnCopy, RemoveHeadersOnCopy, ); }; };
		E0E70D75257B69A2009198C4 /* Windless.framework in Frameworks */ = {isa = PBXBuildFile; fileRef = E0E70D74257B69A2009198C4 /* Windless.framework */; };
		E0E70D76257B69A2009198C4 /* Windless.framework in Embed Frameworks */ = {isa = PBXBuildFile; fileRef = E0E70D74257B69A2009198C4 /* Windless.framework */; settings = {ATTRIBUTES = (CodeSignOnCopy, RemoveHeadersOnCopy, ); }; };
		E0E70D7A257B6ABA009198C4 /* CardViewController.swift in Sources */ = {isa = PBXBuildFile; fileRef = E0E70D78257B6ABA009198C4 /* CardViewController.swift */; };
		E0E70D7B257B6ABA009198C4 /* CardViewController.xib in Resources */ = {isa = PBXBuildFile; fileRef = E0E70D79257B6ABA009198C4 /* CardViewController.xib */; };
		E0E70D80257B6B43009198C4 /* Card.swift in Sources */ = {isa = PBXBuildFile; fileRef = E0E70D7E257B6B43009198C4 /* Card.swift */; };
		E0E70D81257B6B43009198C4 /* Card.xib in Resources */ = {isa = PBXBuildFile; fileRef = E0E70D7F257B6B43009198C4 /* Card.xib */; };
		E0E70D90257B6BDA009198C4 /* SF_Pro_Text_Semibold.ttf in Resources */ = {isa = PBXBuildFile; fileRef = E0E70D87257B6BDA009198C4 /* SF_Pro_Text_Semibold.ttf */; };
		E0E70D91257B6BDA009198C4 /* Assets.swift in Sources */ = {isa = PBXBuildFile; fileRef = E0E70D8A257B6BDA009198C4 /* Assets.swift */; };
		E0E70D92257B6BDA009198C4 /* Colors.xcassets in Resources */ = {isa = PBXBuildFile; fileRef = E0E70D8B257B6BDA009198C4 /* Colors.xcassets */; };
		E0E70D93257B6BDA009198C4 /* Assets.xcassets in Resources */ = {isa = PBXBuildFile; fileRef = E0E70D8C257B6BDA009198C4 /* Assets.xcassets */; };
		E0E70D96257B6BF5009198C4 /* swiftgen.yml in Resources */ = {isa = PBXBuildFile; fileRef = E0E70D95257B6BF5009198C4 /* swiftgen.yml */; };
		E0E70D9C257B7401009198C4 /* ProfilesApi.swift in Sources */ = {isa = PBXBuildFile; fileRef = E0E70D99257B7401009198C4 /* ProfilesApi.swift */; };
		E0E70D9D257B7401009198C4 /* ProfilesService.swift in Sources */ = {isa = PBXBuildFile; fileRef = E0E70D9B257B7401009198C4 /* ProfilesService.swift */; };
		E0E70DA2257B740E009198C4 /* KeyConstants.swift in Sources */ = {isa = PBXBuildFile; fileRef = E0E70DA0257B740E009198C4 /* KeyConstants.swift */; };
		E0E70DA3257B740E009198C4 /* URLConstants.swift in Sources */ = {isa = PBXBuildFile; fileRef = E0E70DA1257B740E009198C4 /* URLConstants.swift */; };
		E0E70DA9257B745E009198C4 /* ProfilesRequest.swift in Sources */ = {isa = PBXBuildFile; fileRef = E0E70DA8257B745E009198C4 /* ProfilesRequest.swift */; };
		E0E70DC8257B74FA009198C4 /* City.swift in Sources */ = {isa = PBXBuildFile; fileRef = E0E70DBE257B74F9009198C4 /* City.swift */; };
		E0E70DC9257B74FA009198C4 /* User.swift in Sources */ = {isa = PBXBuildFile; fileRef = E0E70DBF257B74F9009198C4 /* User.swift */; };
		E0E70DCA257B74FA009198C4 /* Office.swift in Sources */ = {isa = PBXBuildFile; fileRef = E0E70DC0257B74F9009198C4 /* Office.swift */; };
		E0E70DCB257B74FA009198C4 /* Response.swift in Sources */ = {isa = PBXBuildFile; fileRef = E0E70DC1257B74F9009198C4 /* Response.swift */; };
		E0E70DCC257B74FA009198C4 /* Profiles.swift in Sources */ = {isa = PBXBuildFile; fileRef = E0E70DC2257B74F9009198C4 /* Profiles.swift */; };
		E0E70DCD257B74FA009198C4 /* Subject.swift in Sources */ = {isa = PBXBuildFile; fileRef = E0E70DC3257B74F9009198C4 /* Subject.swift */; };
		E0E70DCE257B74FA009198C4 /* Zoom.swift in Sources */ = {isa = PBXBuildFile; fileRef = E0E70DC4257B74F9009198C4 /* Zoom.swift */; };
		E0E70DCF257B74FA009198C4 /* SsoUser.swift in Sources */ = {isa = PBXBuildFile; fileRef = E0E70DC5257B74F9009198C4 /* SsoUser.swift */; };
		E0E70DD0257B74FA009198C4 /* Bsa.swift in Sources */ = {isa = PBXBuildFile; fileRef = E0E70DC6257B74FA009198C4 /* Bsa.swift */; };
		E0E70DD1257B74FA009198C4 /* Center.swift in Sources */ = {isa = PBXBuildFile; fileRef = E0E70DC7257B74FA009198C4 /* Center.swift */; };
		E0E70DD5257BC585009198C4 /* Networkable.swift in Sources */ = {isa = PBXBuildFile; fileRef = E0E70DD4257BC585009198C4 /* Networkable.swift */; };
		E0E70DDB257CB096009198C4 /* UIButton+Extentions.swift in Sources */ = {isa = PBXBuildFile; fileRef = E0E70DDA257CB096009198C4 /* UIButton+Extentions.swift */; };
		E0E70DE1257CCE17009198C4 /* Reachability.framework in Frameworks */ = {isa = PBXBuildFile; fileRef = E0E70DE0257CCE16009198C4 /* Reachability.framework */; };
		E0E70DE2257CCE17009198C4 /* Reachability.framework in Embed Frameworks */ = {isa = PBXBuildFile; fileRef = E0E70DE0257CCE16009198C4 /* Reachability.framework */; settings = {ATTRIBUTES = (CodeSignOnCopy, RemoveHeadersOnCopy, ); }; };
		E0E70DEE257CF6A5009198C4 /* NoInternet.xib in Resources */ = {isa = PBXBuildFile; fileRef = E0E70DEC257CF6A5009198C4 /* NoInternet.xib */; };
		E0E70DF0257D1A49009198C4 /* UIView+Extentions.swift in Sources */ = {isa = PBXBuildFile; fileRef = E0E70DEF257D1A49009198C4 /* UIView+Extentions.swift */; };
		E0E70DF2257D1B88009198C4 /* NoInternet.swift in Sources */ = {isa = PBXBuildFile; fileRef = E0E70DF1257D1B88009198C4 /* NoInternet.swift */; };
		E0E70DFA257DFF44009198C4 /* CardPresenter.swift in Sources */ = {isa = PBXBuildFile; fileRef = E0E70DF9257DFF44009198C4 /* CardPresenter.swift */; };
		E0F0B875257E326B002B1912 /* File.swift in Sources */ = {isa = PBXBuildFile; fileRef = E0F0B874257E326B002B1912 /* File.swift */; };
		E0F0B877257E5804002B1912 /* InternetChecker.swift in Sources */ = {isa = PBXBuildFile; fileRef = E0F0B876257E5804002B1912 /* InternetChecker.swift */; };
/* End PBXBuildFile section */

/* Begin PBXCopyFilesBuildPhase section */
		E0E70D64257B698D009198C4 /* Embed Frameworks */ = {
			isa = PBXCopyFilesBuildPhase;
			buildActionMask = 2147483647;
			dstPath = "";
			dstSubfolderSpec = 10;
			files = (
				E0E70D6D257B6997009198C4 /* Moya.framework in Embed Frameworks */,
				E0E70D67257B6990009198C4 /* Cosmos.framework in Embed Frameworks */,
				E0E70D70257B699A009198C4 /* ObjectMapper.framework in Embed Frameworks */,
				E0E70DE2257CCE17009198C4 /* Reachability.framework in Embed Frameworks */,
				E0E70D76257B69A2009198C4 /* Windless.framework in Embed Frameworks */,
				E0E70D6A257B6994009198C4 /* Kingfisher.framework in Embed Frameworks */,
				E0E70D63257B698D009198C4 /* Alamofire.framework in Embed Frameworks */,
				E0E70D73257B699C009198C4 /* PullToRefreshKit.framework in Embed Frameworks */,
			);
			name = "Embed Frameworks";
			runOnlyForDeploymentPostprocessing = 0;
		};
/* End PBXCopyFilesBuildPhase section */

/* Begin PBXFileReference section */
		E0978DFA257E9DC6004C769B /* 29LTAzer.ttf */ = {isa = PBXFileReference; lastKnownFileType = file; path = 29LTAzer.ttf; sourceTree = "<group>"; };
		E0E70D42257B65B2009198C4 /* SME.app */ = {isa = PBXFileReference; explicitFileType = wrapper.application; includeInIndex = 0; path = SME.app; sourceTree = BUILT_PRODUCTS_DIR; };
		E0E70D45257B65B2009198C4 /* AppDelegate.swift */ = {isa = PBXFileReference; lastKnownFileType = sourcecode.swift; path = AppDelegate.swift; sourceTree = "<group>"; };
		E0E70D47257B65B2009198C4 /* SceneDelegate.swift */ = {isa = PBXFileReference; lastKnownFileType = sourcecode.swift; path = SceneDelegate.swift; sourceTree = "<group>"; };
		E0E70D51257B65B4009198C4 /* Base */ = {isa = PBXFileReference; lastKnownFileType = file.storyboard; name = Base; path = Base.lproj/LaunchScreen.storyboard; sourceTree = "<group>"; };
		E0E70D53257B65B4009198C4 /* Info.plist */ = {isa = PBXFileReference; lastKnownFileType = text.plist.xml; path = Info.plist; sourceTree = "<group>"; };
		E0E70D59257B660E009198C4 /* .swiftlint.yml */ = {isa = PBXFileReference; fileEncoding = 4; lastKnownFileType = text.yaml; path = .swiftlint.yml; sourceTree = "<group>"; };
		E0E70D5C257B664D009198C4 /* .gitignore */ = {isa = PBXFileReference; lastKnownFileType = text; path = .gitignore; sourceTree = "<group>"; };
		E0E70D5E257B665A009198C4 /* Cartfile */ = {isa = PBXFileReference; fileEncoding = 4; lastKnownFileType = text; path = Cartfile; sourceTree = "<group>"; };
		E0E70D61257B698D009198C4 /* Alamofire.framework */ = {isa = PBXFileReference; lastKnownFileType = wrapper.framework; name = Alamofire.framework; path = Carthage/Build/iOS/Alamofire.framework; sourceTree = "<group>"; };
		E0E70D65257B6990009198C4 /* Cosmos.framework */ = {isa = PBXFileReference; lastKnownFileType = wrapper.framework; name = Cosmos.framework; path = Carthage/Build/iOS/Cosmos.framework; sourceTree = "<group>"; };
		E0E70D68257B6994009198C4 /* Kingfisher.framework */ = {isa = PBXFileReference; lastKnownFileType = wrapper.framework; name = Kingfisher.framework; path = Carthage/Build/iOS/Kingfisher.framework; sourceTree = "<group>"; };
		E0E70D6B257B6997009198C4 /* Moya.framework */ = {isa = PBXFileReference; lastKnownFileType = wrapper.framework; name = Moya.framework; path = Carthage/Build/iOS/Moya.framework; sourceTree = "<group>"; };
		E0E70D6E257B699A009198C4 /* ObjectMapper.framework */ = {isa = PBXFileReference; lastKnownFileType = wrapper.framework; name = ObjectMapper.framework; path = Carthage/Build/iOS/ObjectMapper.framework; sourceTree = "<group>"; };
		E0E70D71257B699C009198C4 /* PullToRefreshKit.framework */ = {isa = PBXFileReference; lastKnownFileType = wrapper.framework; name = PullToRefreshKit.framework; path = Carthage/Build/iOS/PullToRefreshKit.framework; sourceTree = "<group>"; };
		E0E70D74257B69A2009198C4 /* Windless.framework */ = {isa = PBXFileReference; lastKnownFileType = wrapper.framework; name = Windless.framework; path = Carthage/Build/iOS/Windless.framework; sourceTree = "<group>"; };
		E0E70D78257B6ABA009198C4 /* CardViewController.swift */ = {isa = PBXFileReference; lastKnownFileType = sourcecode.swift; path = CardViewController.swift; sourceTree = "<group>"; };
		E0E70D79257B6ABA009198C4 /* CardViewController.xib */ = {isa = PBXFileReference; lastKnownFileType = file.xib; path = CardViewController.xib; sourceTree = "<group>"; };
		E0E70D7E257B6B43009198C4 /* Card.swift */ = {isa = PBXFileReference; fileEncoding = 4; lastKnownFileType = sourcecode.swift; path = Card.swift; sourceTree = "<group>"; };
		E0E70D7F257B6B43009198C4 /* Card.xib */ = {isa = PBXFileReference; fileEncoding = 4; lastKnownFileType = file.xib; path = Card.xib; sourceTree = "<group>"; };
		E0E70D87257B6BDA009198C4 /* SF_Pro_Text_Semibold.ttf */ = {isa = PBXFileReference; lastKnownFileType = file; path = SF_Pro_Text_Semibold.ttf; sourceTree = "<group>"; };
		E0E70D8A257B6BDA009198C4 /* Assets.swift */ = {isa = PBXFileReference; fileEncoding = 4; lastKnownFileType = sourcecode.swift; path = Assets.swift; sourceTree = "<group>"; };
		E0E70D8B257B6BDA009198C4 /* Colors.xcassets */ = {isa = PBXFileReference; lastKnownFileType = folder.assetcatalog; path = Colors.xcassets; sourceTree = "<group>"; };
		E0E70D8C257B6BDA009198C4 /* Assets.xcassets */ = {isa = PBXFileReference; lastKnownFileType = folder.assetcatalog; path = Assets.xcassets; sourceTree = "<group>"; };
		E0E70D95257B6BF5009198C4 /* swiftgen.yml */ = {isa = PBXFileReference; fileEncoding = 4; lastKnownFileType = text.yaml; path = swiftgen.yml; sourceTree = "<group>"; };
		E0E70D99257B7401009198C4 /* ProfilesApi.swift */ = {isa = PBXFileReference; fileEncoding = 4; lastKnownFileType = sourcecode.swift; path = ProfilesApi.swift; sourceTree = "<group>"; };
		E0E70D9B257B7401009198C4 /* ProfilesService.swift */ = {isa = PBXFileReference; fileEncoding = 4; lastKnownFileType = sourcecode.swift; path = ProfilesService.swift; sourceTree = "<group>"; };
		E0E70DA0257B740E009198C4 /* KeyConstants.swift */ = {isa = PBXFileReference; fileEncoding = 4; lastKnownFileType = sourcecode.swift; path = KeyConstants.swift; sourceTree = "<group>"; };
		E0E70DA1257B740E009198C4 /* URLConstants.swift */ = {isa = PBXFileReference; fileEncoding = 4; lastKnownFileType = sourcecode.swift; path = URLConstants.swift; sourceTree = "<group>"; };
		E0E70DA8257B745E009198C4 /* ProfilesRequest.swift */ = {isa = PBXFileReference; fileEncoding = 4; lastKnownFileType = sourcecode.swift; path = ProfilesRequest.swift; sourceTree = "<group>"; };
		E0E70DBE257B74F9009198C4 /* City.swift */ = {isa = PBXFileReference; fileEncoding = 4; lastKnownFileType = sourcecode.swift; path = City.swift; sourceTree = "<group>"; };
		E0E70DBF257B74F9009198C4 /* User.swift */ = {isa = PBXFileReference; fileEncoding = 4; lastKnownFileType = sourcecode.swift; path = User.swift; sourceTree = "<group>"; };
		E0E70DC0257B74F9009198C4 /* Office.swift */ = {isa = PBXFileReference; fileEncoding = 4; lastKnownFileType = sourcecode.swift; path = Office.swift; sourceTree = "<group>"; };
		E0E70DC1257B74F9009198C4 /* Response.swift */ = {isa = PBXFileReference; fileEncoding = 4; lastKnownFileType = sourcecode.swift; path = Response.swift; sourceTree = "<group>"; };
		E0E70DC2257B74F9009198C4 /* Profiles.swift */ = {isa = PBXFileReference; fileEncoding = 4; lastKnownFileType = sourcecode.swift; path = Profiles.swift; sourceTree = "<group>"; };
		E0E70DC3257B74F9009198C4 /* Subject.swift */ = {isa = PBXFileReference; fileEncoding = 4; lastKnownFileType = sourcecode.swift; path = Subject.swift; sourceTree = "<group>"; };
		E0E70DC4257B74F9009198C4 /* Zoom.swift */ = {isa = PBXFileReference; fileEncoding = 4; lastKnownFileType = sourcecode.swift; path = Zoom.swift; sourceTree = "<group>"; };
		E0E70DC5257B74F9009198C4 /* SsoUser.swift */ = {isa = PBXFileReference; fileEncoding = 4; lastKnownFileType = sourcecode.swift; path = SsoUser.swift; sourceTree = "<group>"; };
		E0E70DC6257B74FA009198C4 /* Bsa.swift */ = {isa = PBXFileReference; fileEncoding = 4; lastKnownFileType = sourcecode.swift; path = Bsa.swift; sourceTree = "<group>"; };
		E0E70DC7257B74FA009198C4 /* Center.swift */ = {isa = PBXFileReference; fileEncoding = 4; lastKnownFileType = sourcecode.swift; path = Center.swift; sourceTree = "<group>"; };
		E0E70DD4257BC585009198C4 /* Networkable.swift */ = {isa = PBXFileReference; lastKnownFileType = sourcecode.swift; path = Networkable.swift; sourceTree = "<group>"; };
		E0E70DDA257CB096009198C4 /* UIButton+Extentions.swift */ = {isa = PBXFileReference; lastKnownFileType = sourcecode.swift; path = "UIButton+Extentions.swift"; sourceTree = "<group>"; };
		E0E70DE0257CCE16009198C4 /* Reachability.framework */ = {isa = PBXFileReference; lastKnownFileType = wrapper.framework; name = Reachability.framework; path = Carthage/Build/iOS/Reachability.framework; sourceTree = "<group>"; };
		E0E70DEC257CF6A5009198C4 /* NoInternet.xib */ = {isa = PBXFileReference; lastKnownFileType = file.xib; path = NoInternet.xib; sourceTree = "<group>"; };
		E0E70DEF257D1A49009198C4 /* UIView+Extentions.swift */ = {isa = PBXFileReference; lastKnownFileType = sourcecode.swift; path = "UIView+Extentions.swift"; sourceTree = "<group>"; };
		E0E70DF1257D1B88009198C4 /* NoInternet.swift */ = {isa = PBXFileReference; lastKnownFileType = sourcecode.swift; path = NoInternet.swift; sourceTree = "<group>"; };
		E0E70DF9257DFF44009198C4 /* CardPresenter.swift */ = {isa = PBXFileReference; lastKnownFileType = sourcecode.swift; path = CardPresenter.swift; sourceTree = "<group>"; };
		E0F0B874257E326B002B1912 /* File.swift */ = {isa = PBXFileReference; fileEncoding = 4; lastKnownFileType = sourcecode.swift; path = File.swift; sourceTree = "<group>"; };
		E0F0B876257E5804002B1912 /* InternetChecker.swift */ = {isa = PBXFileReference; fileEncoding = 4; lastKnownFileType = sourcecode.swift; path = InternetChecker.swift; sourceTree = "<group>"; };
/* End PBXFileReference section */

/* Begin PBXFrameworksBuildPhase section */
		E0E70D3F257B65B2009198C4 /* Frameworks */ = {
			isa = PBXFrameworksBuildPhase;
			buildActionMask = 2147483647;
			files = (
				E0E70D6C257B6997009198C4 /* Moya.framework in Frameworks */,
				E0E70D66257B6990009198C4 /* Cosmos.framework in Frameworks */,
				E0E70D6F257B699A009198C4 /* ObjectMapper.framework in Frameworks */,
				E0E70DE1257CCE17009198C4 /* Reachability.framework in Frameworks */,
				E0E70D75257B69A2009198C4 /* Windless.framework in Frameworks */,
				E0E70D69257B6994009198C4 /* Kingfisher.framework in Frameworks */,
				E0E70D62257B698D009198C4 /* Alamofire.framework in Frameworks */,
				E0E70D72257B699C009198C4 /* PullToRefreshKit.framework in Frameworks */,
			);
			runOnlyForDeploymentPostprocessing = 0;
		};
/* End PBXFrameworksBuildPhase section */

/* Begin PBXGroup section */
		E0978DF9257E987B004C769B /* Generated */ = {
			isa = PBXGroup;
			children = (
			);
			path = Generated;
			sourceTree = "<group>";
		};
		E0E70D39257B65B2009198C4 = {
			isa = PBXGroup;
			children = (
				E0E70D5C257B664D009198C4 /* .gitignore */,
				E0E70D5E257B665A009198C4 /* Cartfile */,
				E0E70D59257B660E009198C4 /* .swiftlint.yml */,
				E0E70D95257B6BF5009198C4 /* swiftgen.yml */,
				E0E70D44257B65B2009198C4 /* SME */,
				E0E70D43257B65B2009198C4 /* Products */,
				E0E70D60257B698D009198C4 /* Frameworks */,
			);
			sourceTree = "<group>";
		};
		E0E70D43257B65B2009198C4 /* Products */ = {
			isa = PBXGroup;
			children = (
				E0E70D42257B65B2009198C4 /* SME.app */,
			);
			name = Products;
			sourceTree = "<group>";
		};
		E0E70D44257B65B2009198C4 /* SME */ = {
			isa = PBXGroup;
			children = (
				E0F0B876257E5804002B1912 /* InternetChecker.swift */,
				E0E70DF7257DFE85009198C4 /* Presenters */,
				E0E70DF5257DFE60009198C4 /* Protocals */,
				E0E70DF3257DFDFF009198C4 /* Extentions */,
				E0E70D97257B7401009198C4 /* Domain */,
				E0E70D9E257B740E009198C4 /* Helpers */,
				E0E70DF4257DFE17009198C4 /* ViewControllers */,
				E0E70DA4257B7424009198C4 /* Models */,
				E0E70D7C257B6B43009198C4 /* Views */,
				E0E70D82257B6BDA009198C4 /* Resources */,
				E0E70D45257B65B2009198C4 /* AppDelegate.swift */,
				E0E70D47257B65B2009198C4 /* SceneDelegate.swift */,
				E0E70D50257B65B4009198C4 /* LaunchScreen.storyboard */,
				E0E70D53257B65B4009198C4 /* Info.plist */,
			);
			path = SME;
			sourceTree = "<group>";
		};
		E0E70D60257B698D009198C4 /* Frameworks */ = {
			isa = PBXGroup;
			children = (
				E0E70DE0257CCE16009198C4 /* Reachability.framework */,
				E0E70D74257B69A2009198C4 /* Windless.framework */,
				E0E70D71257B699C009198C4 /* PullToRefreshKit.framework */,
				E0E70D6E257B699A009198C4 /* ObjectMapper.framework */,
				E0E70D6B257B6997009198C4 /* Moya.framework */,
				E0E70D68257B6994009198C4 /* Kingfisher.framework */,
				E0E70D65257B6990009198C4 /* Cosmos.framework */,
				E0E70D61257B698D009198C4 /* Alamofire.framework */,
			);
			name = Frameworks;
			sourceTree = "<group>";
		};
		E0E70D7C257B6B43009198C4 /* Views */ = {
			isa = PBXGroup;
			children = (
				E0E70DF6257DFE73009198C4 /* NoInternet */,
				E0E70D7D257B6B43009198C4 /* Cells */,
			);
			path = Views;
			sourceTree = "<group>";
		};
		E0E70D7D257B6B43009198C4 /* Cells */ = {
			isa = PBXGroup;
			children = (
				E0E70D7E257B6B43009198C4 /* Card.swift */,
				E0E70D7F257B6B43009198C4 /* Card.xib */,
			);
			path = Cells;
			sourceTree = "<group>";
		};
		E0E70D82257B6BDA009198C4 /* Resources */ = {
			isa = PBXGroup;
			children = (
				E0E70D83257B6BDA009198C4 /* Fonts */,
				E0E70D88257B6BDA009198C4 /* Assets */,
			);
			path = Resources;
			sourceTree = "<group>";
		};
		E0E70D83257B6BDA009198C4 /* Fonts */ = {
			isa = PBXGroup;
			children = (
				E0978DF9257E987B004C769B /* Generated */,
				E0E70D87257B6BDA009198C4 /* SF_Pro_Text_Semibold.ttf */,
				E0978DFA257E9DC6004C769B /* 29LTAzer.ttf */,
			);
			path = Fonts;
			sourceTree = "<group>";
		};
		E0E70D88257B6BDA009198C4 /* Assets */ = {
			isa = PBXGroup;
			children = (
				E0E70D89257B6BDA009198C4 /* Generated */,
				E0E70D8B257B6BDA009198C4 /* Colors.xcassets */,
				E0E70D8C257B6BDA009198C4 /* Assets.xcassets */,
			);
			path = Assets;
			sourceTree = "<group>";
		};
		E0E70D89257B6BDA009198C4 /* Generated */ = {
			isa = PBXGroup;
			children = (
				E0E70D8A257B6BDA009198C4 /* Assets.swift */,
			);
			path = Generated;
			sourceTree = "<group>";
		};
		E0E70D97257B7401009198C4 /* Domain */ = {
			isa = PBXGroup;
			children = (
				E0E70D98257B7401009198C4 /* Api */,
				E0E70D9A257B7401009198C4 /* Service */,
			);
			path = Domain;
			sourceTree = "<group>";
		};
		E0E70D98257B7401009198C4 /* Api */ = {
			isa = PBXGroup;
			children = (
				E0E70D99257B7401009198C4 /* ProfilesApi.swift */,
			);
			path = Api;
			sourceTree = "<group>";
		};
		E0E70D9A257B7401009198C4 /* Service */ = {
			isa = PBXGroup;
			children = (
				E0E70D9B257B7401009198C4 /* ProfilesService.swift */,
			);
			path = Service;
			sourceTree = "<group>";
		};
		E0E70D9E257B740E009198C4 /* Helpers */ = {
			isa = PBXGroup;
			children = (
				E0E70D9F257B740E009198C4 /* Constants */,
			);
			path = Helpers;
			sourceTree = "<group>";
		};
		E0E70D9F257B740E009198C4 /* Constants */ = {
			isa = PBXGroup;
			children = (
				E0E70DA0257B740E009198C4 /* KeyConstants.swift */,
				E0E70DA1257B740E009198C4 /* URLConstants.swift */,
			);
			path = Constants;
			sourceTree = "<group>";
		};
		E0E70DA4257B7424009198C4 /* Models */ = {
			isa = PBXGroup;
			children = (
				E0E70DA5257B7441009198C4 /* Card */,
			);
			path = Models;
			sourceTree = "<group>";
		};
		E0E70DA5257B7441009198C4 /* Card */ = {
			isa = PBXGroup;
			children = (
				E0E70DA7257B744F009198C4 /* Response */,
				E0E70DA6257B7448009198C4 /* Request */,
			);
			path = Card;
			sourceTree = "<group>";
		};
		E0E70DA6257B7448009198C4 /* Request */ = {
			isa = PBXGroup;
			children = (
				E0E70DA8257B745E009198C4 /* ProfilesRequest.swift */,
			);
			path = Request;
			sourceTree = "<group>";
		};
		E0E70DA7257B744F009198C4 /* Response */ = {
			isa = PBXGroup;
			children = (
				E0E70DC6257B74FA009198C4 /* Bsa.swift */,
				E0E70DC7257B74FA009198C4 /* Center.swift */,
				E0E70DBE257B74F9009198C4 /* City.swift */,
				E0E70DC0257B74F9009198C4 /* Office.swift */,
				E0E70DC2257B74F9009198C4 /* Profiles.swift */,
				E0F0B874257E326B002B1912 /* File.swift */,
				E0E70DC1257B74F9009198C4 /* Response.swift */,
				E0E70DC5257B74F9009198C4 /* SsoUser.swift */,
				E0E70DC3257B74F9009198C4 /* Subject.swift */,
				E0E70DBF257B74F9009198C4 /* User.swift */,
				E0E70DC4257B74F9009198C4 /* Zoom.swift */,
			);
			path = Response;
			sourceTree = "<group>";
		};
		E0E70DF3257DFDFF009198C4 /* Extentions */ = {
			isa = PBXGroup;
			children = (
				E0E70DDA257CB096009198C4 /* UIButton+Extentions.swift */,
				E0E70DEF257D1A49009198C4 /* UIView+Extentions.swift */,
			);
			path = Extentions;
			sourceTree = "<group>";
		};
		E0E70DF4257DFE17009198C4 /* ViewControllers */ = {
			isa = PBXGroup;
			children = (
				E0E70D78257B6ABA009198C4 /* CardViewController.swift */,
				E0E70D79257B6ABA009198C4 /* CardViewController.xib */,
			);
			path = ViewControllers;
			sourceTree = "<group>";
		};
		E0E70DF5257DFE60009198C4 /* Protocals */ = {
			isa = PBXGroup;
			children = (
				E0E70DD4257BC585009198C4 /* Networkable.swift */,
			);
			path = Protocals;
			sourceTree = "<group>";
		};
		E0E70DF6257DFE73009198C4 /* NoInternet */ = {
			isa = PBXGroup;
			children = (
				E0E70DF1257D1B88009198C4 /* NoInternet.swift */,
				E0E70DEC257CF6A5009198C4 /* NoInternet.xib */,
			);
			path = NoInternet;
			sourceTree = "<group>";
		};
		E0E70DF7257DFE85009198C4 /* Presenters */ = {
			isa = PBXGroup;
			children = (
				E0E70DF9257DFF44009198C4 /* CardPresenter.swift */,
			);
			path = Presenters;
			sourceTree = "<group>";
		};
/* End PBXGroup section */

/* Begin PBXNativeTarget section */
		E0E70D41257B65B2009198C4 /* SME */ = {
			isa = PBXNativeTarget;
			buildConfigurationList = E0E70D56257B65B4009198C4 /* Build configuration list for PBXNativeTarget "SME" */;
			buildPhases = (
				E0E70D3E257B65B2009198C4 /* Sources */,
				E0E70D3F257B65B2009198C4 /* Frameworks */,
				E0E70D40257B65B2009198C4 /* Resources */,
				E0E70D5B257B6615009198C4 /* ShellScript */,
				E0E70D64257B698D009198C4 /* Embed Frameworks */,
				E0E70D77257B69AD009198C4 /* ShellScript */,
			);
			buildRules = (
			);
			dependencies = (
			);
			name = SME;
			productName = SME;
			productReference = E0E70D42257B65B2009198C4 /* SME.app */;
			productType = "com.apple.product-type.application";
		};
/* End PBXNativeTarget section */

/* Begin PBXProject section */
		E0E70D3A257B65B2009198C4 /* Project object */ = {
			isa = PBXProject;
			attributes = {
				LastSwiftUpdateCheck = 1110;
				LastUpgradeCheck = 1110;
				ORGANIZATIONNAME = "Aya E Mahmoud";
				TargetAttributes = {
					E0E70D41257B65B2009198C4 = {
						CreatedOnToolsVersion = 11.1;
					};
				};
			};
			buildConfigurationList = E0E70D3D257B65B2009198C4 /* Build configuration list for PBXProject "SME" */;
			compatibilityVersion = "Xcode 9.3";
			developmentRegion = en;
			hasScannedForEncodings = 0;
			knownRegions = (
				en,
				Base,
			);
			mainGroup = E0E70D39257B65B2009198C4;
			productRefGroup = E0E70D43257B65B2009198C4 /* Products */;
			projectDirPath = "";
			projectRoot = "";
			targets = (
				E0E70D41257B65B2009198C4 /* SME */,
			);
		};
/* End PBXProject section */

/* Begin PBXResourcesBuildPhase section */
		E0E70D40257B65B2009198C4 /* Resources */ = {
			isa = PBXResourcesBuildPhase;
			buildActionMask = 2147483647;
			files = (
				E0E70D96257B6BF5009198C4 /* swiftgen.yml in Resources */,
				E0E70D5F257B665A009198C4 /* Cartfile in Resources */,
				E0E70D90257B6BDA009198C4 /* SF_Pro_Text_Semibold.ttf in Resources */,
				E0E70D93257B6BDA009198C4 /* Assets.xcassets in Resources */,
				E0E70DEE257CF6A5009198C4 /* NoInternet.xib in Resources */,
				E0E70D5D257B664D009198C4 /* .gitignore in Resources */,
				E0E70D7B257B6ABA009198C4 /* CardViewController.xib in Resources */,
				E0E70D5A257B660F009198C4 /* .swiftlint.yml in Resources */,
				E0E70D92257B6BDA009198C4 /* Colors.xcassets in Resources */,
				E0E70D52257B65B4009198C4 /* LaunchScreen.storyboard in Resources */,
				E0E70D81257B6B43009198C4 /* Card.xib in Resources */,
			);
			runOnlyForDeploymentPostprocessing = 0;
		};
/* End PBXResourcesBuildPhase section */

/* Begin PBXShellScriptBuildPhase section */
		E0E70D5B257B6615009198C4 /* ShellScript */ = {
			isa = PBXShellScriptBuildPhase;
			buildActionMask = 2147483647;
			files = (
			);
			inputFileListPaths = (
			);
			inputPaths = (
			);
			outputFileListPaths = (
			);
			outputPaths = (
			);
			runOnlyForDeploymentPostprocessing = 0;
			shellPath = /bin/sh;
			shellScript = "# Type a script or drag a script file from your workspace to insert its path.\nif which swiftlint >/dev/null; then\n  swiftlint\nelse\n  echo \"warning: SwiftLint not installed, download from https://github.com/realm/SwiftLint\"\nfi\n";
		};
		E0E70D77257B69AD009198C4 /* ShellScript */ = {
			isa = PBXShellScriptBuildPhase;
			buildActionMask = 8;
			files = (
			);
			inputFileListPaths = (
			);
			inputPaths = (
				"$(SRCROOT)/Carthage/Build/iOS/Alamofire.framework",
				"$(SRCROOT)/Carthage/Build/iOS/Cosmos.framework",
				"$(SRCROOT)/Carthage/Build/iOS/Kingfisher.framework",
				"$(SRCROOT)/Carthage/Build/iOS/Moya.framework",
				"$(SRCROOT)/Carthage/Build/iOS/ObjectMapper.framework",
				"$(SRCROOT)/Carthage/Build/iOS/PullToRefreshKit.framework",
				"$(SRCROOT)/Carthage/Build/iOS/Windless.framework",
				"$(SRCROOT)/Carthage/Build/iOS/Reachability.framework",
			);
			outputFileListPaths = (
			);
			outputPaths = (
			);
			runOnlyForDeploymentPostprocessing = 1;
			shellPath = /bin/sh;
			shellScript = "# Type a script or drag a script file from your workspace to insert its path.\n";
		};
/* End PBXShellScriptBuildPhase section */

/* Begin PBXSourcesBuildPhase section */
		E0E70D3E257B65B2009198C4 /* Sources */ = {
			isa = PBXSourcesBuildPhase;
			buildActionMask = 2147483647;
			files = (
				E0E70DC9257B74FA009198C4 /* User.swift in Sources */,
				E0E70DCA257B74FA009198C4 /* Office.swift in Sources */,
				E0E70D46257B65B2009198C4 /* AppDelegate.swift in Sources */,
				E0E70DA3257B740E009198C4 /* URLConstants.swift in Sources */,
				E0E70DCB257B74FA009198C4 /* Response.swift in Sources */,
				E0E70DC8257B74FA009198C4 /* City.swift in Sources */,
				E0E70DA2257B740E009198C4 /* KeyConstants.swift in Sources */,
				E0E70D91257B6BDA009198C4 /* Assets.swift in Sources */,
				E0E70D48257B65B2009198C4 /* SceneDelegate.swift in Sources */,
				E0F0B877257E5804002B1912 /* InternetChecker.swift in Sources */,
				E0E70D7A257B6ABA009198C4 /* CardViewController.swift in Sources */,
				E0E70DF0257D1A49009198C4 /* UIView+Extentions.swift in Sources */,
				E0E70DDB257CB096009198C4 /* UIButton+Extentions.swift in Sources */,
				E0E70DF2257D1B88009198C4 /* NoInternet.swift in Sources */,
				E0E70D9D257B7401009198C4 /* ProfilesService.swift in Sources */,
				E0E70DCF257B74FA009198C4 /* SsoUser.swift in Sources */,
				E0F0B875257E326B002B1912 /* File.swift in Sources */,
				E0E70D80257B6B43009198C4 /* Card.swift in Sources */,
				E0E70DD0257B74FA009198C4 /* Bsa.swift in Sources */,
				E0E70DCC257B74FA009198C4 /* Profiles.swift in Sources */,
				E0E70DD1257B74FA009198C4 /* Center.swift in Sources */,
				E0E70DCE257B74FA009198C4 /* Zoom.swift in Sources */,
				E0E70DD5257BC585009198C4 /* Networkable.swift in Sources */,
				E0E70DFA257DFF44009198C4 /* CardPresenter.swift in Sources */,
				E0E70D9C257B7401009198C4 /* ProfilesApi.swift in Sources */,
				E0E70DCD257B74FA009198C4 /* Subject.swift in Sources */,
				E0E70DA9257B745E009198C4 /* ProfilesRequest.swift in Sources */,
			);
			runOnlyForDeploymentPostprocessing = 0;
		};
/* End PBXSourcesBuildPhase section */

/* Begin PBXVariantGroup section */
		E0E70D50257B65B4009198C4 /* LaunchScreen.storyboard */ = {
			isa = PBXVariantGroup;
			children = (
				E0E70D51257B65B4009198C4 /* Base */,
			);
			name = LaunchScreen.storyboard;
			sourceTree = "<group>";
		};
/* End PBXVariantGroup section */

/* Begin XCBuildConfiguration section */
		E0E70D54257B65B4009198C4 /* Debug */ = {
			isa = XCBuildConfiguration;
			buildSettings = {
				ALWAYS_SEARCH_USER_PATHS = NO;
				CLANG_ANALYZER_NONNULL = YES;
				CLANG_ANALYZER_NUMBER_OBJECT_CONVERSION = YES_AGGRESSIVE;
				CLANG_CXX_LANGUAGE_STANDARD = "gnu++14";
				CLANG_CXX_LIBRARY = "libc++";
				CLANG_ENABLE_MODULES = YES;
				CLANG_ENABLE_OBJC_ARC = YES;
				CLANG_ENABLE_OBJC_WEAK = YES;
				CLANG_WARN_BLOCK_CAPTURE_AUTORELEASING = YES;
				CLANG_WARN_BOOL_CONVERSION = YES;
				CLANG_WARN_COMMA = YES;
				CLANG_WARN_CONSTANT_CONVERSION = YES;
				CLANG_WARN_DEPRECATED_OBJC_IMPLEMENTATIONS = YES;
				CLANG_WARN_DIRECT_OBJC_ISA_USAGE = YES_ERROR;
				CLANG_WARN_DOCUMENTATION_COMMENTS = YES;
				CLANG_WARN_EMPTY_BODY = YES;
				CLANG_WARN_ENUM_CONVERSION = YES;
				CLANG_WARN_INFINITE_RECURSION = YES;
				CLANG_WARN_INT_CONVERSION = YES;
				CLANG_WARN_NON_LITERAL_NULL_CONVERSION = YES;
				CLANG_WARN_OBJC_IMPLICIT_RETAIN_SELF = YES;
				CLANG_WARN_OBJC_LITERAL_CONVERSION = YES;
				CLANG_WARN_OBJC_ROOT_CLASS = YES_ERROR;
				CLANG_WARN_RANGE_LOOP_ANALYSIS = YES;
				CLANG_WARN_STRICT_PROTOTYPES = YES;
				CLANG_WARN_SUSPICIOUS_MOVE = YES;
				CLANG_WARN_UNGUARDED_AVAILABILITY = YES_AGGRESSIVE;
				CLANG_WARN_UNREACHABLE_CODE = YES;
				CLANG_WARN__DUPLICATE_METHOD_MATCH = YES;
				COPY_PHASE_STRIP = NO;
				DEBUG_INFORMATION_FORMAT = dwarf;
				ENABLE_STRICT_OBJC_MSGSEND = YES;
				ENABLE_TESTABILITY = YES;
				GCC_C_LANGUAGE_STANDARD = gnu11;
				GCC_DYNAMIC_NO_PIC = NO;
				GCC_NO_COMMON_BLOCKS = YES;
				GCC_OPTIMIZATION_LEVEL = 0;
				GCC_PREPROCESSOR_DEFINITIONS = (
					"DEBUG=1",
					"$(inherited)",
				);
				GCC_WARN_64_TO_32_BIT_CONVERSION = YES;
				GCC_WARN_ABOUT_RETURN_TYPE = YES_ERROR;
				GCC_WARN_UNDECLARED_SELECTOR = YES;
				GCC_WARN_UNINITIALIZED_AUTOS = YES_AGGRESSIVE;
				GCC_WARN_UNUSED_FUNCTION = YES;
				GCC_WARN_UNUSED_VARIABLE = YES;
				IPHONEOS_DEPLOYMENT_TARGET = 13.1;
				MTL_ENABLE_DEBUG_INFO = INCLUDE_SOURCE;
				MTL_FAST_MATH = YES;
				ONLY_ACTIVE_ARCH = YES;
				SDKROOT = iphoneos;
				SWIFT_ACTIVE_COMPILATION_CONDITIONS = DEBUG;
				SWIFT_OPTIMIZATION_LEVEL = "-Onone";
			};
			name = Debug;
		};
		E0E70D55257B65B4009198C4 /* Release */ = {
			isa = XCBuildConfiguration;
			buildSettings = {
				ALWAYS_SEARCH_USER_PATHS = NO;
				CLANG_ANALYZER_NONNULL = YES;
				CLANG_ANALYZER_NUMBER_OBJECT_CONVERSION = YES_AGGRESSIVE;
				CLANG_CXX_LANGUAGE_STANDARD = "gnu++14";
				CLANG_CXX_LIBRARY = "libc++";
				CLANG_ENABLE_MODULES = YES;
				CLANG_ENABLE_OBJC_ARC = YES;
				CLANG_ENABLE_OBJC_WEAK = YES;
				CLANG_WARN_BLOCK_CAPTURE_AUTORELEASING = YES;
				CLANG_WARN_BOOL_CONVERSION = YES;
				CLANG_WARN_COMMA = YES;
				CLANG_WARN_CONSTANT_CONVERSION = YES;
				CLANG_WARN_DEPRECATED_OBJC_IMPLEMENTATIONS = YES;
				CLANG_WARN_DIRECT_OBJC_ISA_USAGE = YES_ERROR;
				CLANG_WARN_DOCUMENTATION_COMMENTS = YES;
				CLANG_WARN_EMPTY_BODY = YES;
				CLANG_WARN_ENUM_CONVERSION = YES;
				CLANG_WARN_INFINITE_RECURSION = YES;
				CLANG_WARN_INT_CONVERSION = YES;
				CLANG_WARN_NON_LITERAL_NULL_CONVERSION = YES;
				CLANG_WARN_OBJC_IMPLICIT_RETAIN_SELF = YES;
				CLANG_WARN_OBJC_LITERAL_CONVERSION = YES;
				CLANG_WARN_OBJC_ROOT_CLASS = YES_ERROR;
				CLANG_WARN_RANGE_LOOP_ANALYSIS = YES;
				CLANG_WARN_STRICT_PROTOTYPES = YES;
				CLANG_WARN_SUSPICIOUS_MOVE = YES;
				CLANG_WARN_UNGUARDED_AVAILABILITY = YES_AGGRESSIVE;
				CLANG_WARN_UNREACHABLE_CODE = YES;
				CLANG_WARN__DUPLICATE_METHOD_MATCH = YES;
				COPY_PHASE_STRIP = NO;
				DEBUG_INFORMATION_FORMAT = "dwarf-with-dsym";
				ENABLE_NS_ASSERTIONS = NO;
				ENABLE_STRICT_OBJC_MSGSEND = YES;
				GCC_C_LANGUAGE_STANDARD = gnu11;
				GCC_NO_COMMON_BLOCKS = YES;
				GCC_WARN_64_TO_32_BIT_CONVERSION = YES;
				GCC_WARN_ABOUT_RETURN_TYPE = YES_ERROR;
				GCC_WARN_UNDECLARED_SELECTOR = YES;
				GCC_WARN_UNINITIALIZED_AUTOS = YES_AGGRESSIVE;
				GCC_WARN_UNUSED_FUNCTION = YES;
				GCC_WARN_UNUSED_VARIABLE = YES;
				IPHONEOS_DEPLOYMENT_TARGET = 13.1;
				MTL_ENABLE_DEBUG_INFO = NO;
				MTL_FAST_MATH = YES;
				SDKROOT = iphoneos;
				SWIFT_COMPILATION_MODE = wholemodule;
				SWIFT_OPTIMIZATION_LEVEL = "-O";
				VALIDATE_PRODUCT = YES;
			};
			name = Release;
		};
		E0E70D57257B65B4009198C4 /* Debug */ = {
			isa = XCBuildConfiguration;
			buildSettings = {
				ASSETCATALOG_COMPILER_APPICON_NAME = AppIcon;
				CODE_SIGN_STYLE = Automatic;
				DEVELOPMENT_TEAM = 2C86JD592M;
				FRAMEWORK_SEARCH_PATHS = (
					"$(inherited)",
					"$(PROJECT_DIR)/Carthage/Build/iOS",
				);
				INFOPLIST_FILE = SME/Info.plist;
				LD_RUNPATH_SEARCH_PATHS = (
					"$(inherited)",
					"@executable_path/Frameworks",
				);
				PRODUCT_BUNDLE_IDENTIFIER = com.ibtikar.SME;
				PRODUCT_NAME = "$(TARGET_NAME)";
				SWIFT_VERSION = 5.0;
				TARGETED_DEVICE_FAMILY = 1;
			};
			name = Debug;
		};
		E0E70D58257B65B4009198C4 /* Release */ = {
			isa = XCBuildConfiguration;
			buildSettings = {
				ASSETCATALOG_COMPILER_APPICON_NAME = AppIcon;
				CODE_SIGN_STYLE = Automatic;
				DEVELOPMENT_TEAM = 2C86JD592M;
				FRAMEWORK_SEARCH_PATHS = (
					"$(inherited)",
					"$(PROJECT_DIR)/Carthage/Build/iOS",
				);
				INFOPLIST_FILE = SME/Info.plist;
				LD_RUNPATH_SEARCH_PATHS = (
					"$(inherited)",
					"@executable_path/Frameworks",
				);
				PRODUCT_BUNDLE_IDENTIFIER = com.ibtikar.SME;
				PRODUCT_NAME = "$(TARGET_NAME)";
				SWIFT_VERSION = 5.0;
				TARGETED_DEVICE_FAMILY = 1;
			};
			name = Release;
		};
/* End XCBuildConfiguration section */

/* Begin XCConfigurationList section */
		E0E70D3D257B65B2009198C4 /* Build configuration list for PBXProject "SME" */ = {
			isa = XCConfigurationList;
			buildConfigurations = (
				E0E70D54257B65B4009198C4 /* Debug */,
				E0E70D55257B65B4009198C4 /* Release */,
			);
			defaultConfigurationIsVisible = 0;
			defaultConfigurationName = Release;
		};
		E0E70D56257B65B4009198C4 /* Build configuration list for PBXNativeTarget "SME" */ = {
			isa = XCConfigurationList;
			buildConfigurations = (
				E0E70D57257B65B4009198C4 /* Debug */,
				E0E70D58257B65B4009198C4 /* Release */,
			);
			defaultConfigurationIsVisible = 0;
			defaultConfigurationName = Release;
		};
/* End XCConfigurationList section */
	};
	rootObject = E0E70D3A257B65B2009198C4 /* Project object */;
}
